{
  "version": 4,
  "terraform_version": "1.5.4",
  "serial": 1355,
  "lineage": "964e619a-fac2-2904-1333-c703d18dee37",
  "outputs": {
    "instance_ip_addr": {
      "value": "34.95.159.6",
      "type": "string"
    }
  },
  "resources": [
    {
      "mode": "data",
      "type": "google_client_openid_userinfo",
      "name": "me",
      "provider": "provider[\"registry.terraform.io/hashicorp/google\"]",
      "instances": [
        {
          "schema_version": 0,
          "attributes": {
            "email": "terraform@hematologyapp.iam.gserviceaccount.com",
            "id": "terraform@hematologyapp.iam.gserviceaccount.com"
          },
          "sensitive_attributes": []
        }
      ]
    },
    {
      "mode": "managed",
      "type": "google_compute_address",
      "name": "k8s-control-plane-ip-address",
      "provider": "provider[\"registry.terraform.io/hashicorp/google\"]",
      "instances": [
        {
          "schema_version": 0,
          "attributes": {
            "address": "34.95.159.6",
            "address_type": "EXTERNAL",
            "creation_timestamp": "2023-08-08T14:05:29.228-07:00",
            "description": "",
            "id": "projects/hematologyapp/regions/southamerica-east1/addresses/k8s-control-plane-ip-address",
            "name": "k8s-control-plane-ip-address",
            "network": "",
            "network_tier": "PREMIUM",
            "prefix_length": 0,
            "project": "hematologyapp",
            "purpose": "",
            "region": "southamerica-east1",
            "self_link": "https://www.googleapis.com/compute/v1/projects/hematologyapp/regions/southamerica-east1/addresses/k8s-control-plane-ip-address",
            "subnetwork": "",
            "timeouts": null,
            "users": []
          },
          "sensitive_attributes": [],
          "private": "eyJlMmJmYjczMC1lY2FhLTExZTYtOGY4OC0zNDM2M2JjN2M0YzAiOnsiY3JlYXRlIjoxMjAwMDAwMDAwMDAwLCJkZWxldGUiOjEyMDAwMDAwMDAwMDB9fQ=="
        }
      ]
    },
    {
      "mode": "managed",
      "type": "google_compute_address",
      "name": "k8s-node-01-ip-address",
      "provider": "provider[\"registry.terraform.io/hashicorp/google\"]",
      "instances": [
        {
          "schema_version": 0,
          "attributes": {
            "address": "35.199.80.101",
            "address_type": "EXTERNAL",
            "creation_timestamp": "2023-08-08T14:05:30.922-07:00",
            "description": "",
            "id": "projects/hematologyapp/regions/southamerica-east1/addresses/k8s-node-01-ip-address",
            "name": "k8s-node-01-ip-address",
            "network": "",
            "network_tier": "PREMIUM",
            "prefix_length": 0,
            "project": "hematologyapp",
            "purpose": "",
            "region": "southamerica-east1",
            "self_link": "https://www.googleapis.com/compute/v1/projects/hematologyapp/regions/southamerica-east1/addresses/k8s-node-01-ip-address",
            "subnetwork": "",
            "timeouts": null,
            "users": []
          },
          "sensitive_attributes": [],
          "private": "eyJlMmJmYjczMC1lY2FhLTExZTYtOGY4OC0zNDM2M2JjN2M0YzAiOnsiY3JlYXRlIjoxMjAwMDAwMDAwMDAwLCJkZWxldGUiOjEyMDAwMDAwMDAwMDB9fQ=="
        }
      ]
    },
    {
      "mode": "managed",
      "type": "google_compute_disk",
      "name": "jenkins-persistent-disk",
      "provider": "provider[\"registry.terraform.io/hashicorp/google\"]",
      "instances": [
        {
          "schema_version": 0,
          "attributes": {
            "creation_timestamp": "2023-08-08T14:05:31.797-07:00",
            "description": "",
            "disk_encryption_key": [],
            "guest_os_features": [
              {
                "type": "GVNIC"
              },
              {
                "type": "SEV_CAPABLE"
              },
              {
                "type": "SEV_LIVE_MIGRATABLE"
              },
              {
                "type": "SEV_SNP_CAPABLE"
              },
              {
                "type": "UEFI_COMPATIBLE"
              },
              {
                "type": "VIRTIO_SCSI_MULTIQUEUE"
              }
            ],
            "id": "projects/hematologyapp/zones/southamerica-east1-a/disks/jenkins-persistent-disk",
            "image": "https://www.googleapis.com/compute/v1/projects/ubuntu-os-cloud/global/images/ubuntu-minimal-2204-jammy-v20230726",
            "label_fingerprint": "42WmSpB8rSM=",
            "labels": null,
            "last_attach_timestamp": "",
            "last_detach_timestamp": "",
            "licenses": [
              "https://www.googleapis.com/compute/v1/projects/ubuntu-os-cloud/global/licenses/ubuntu-minimal-2204-lts"
            ],
            "name": "jenkins-persistent-disk",
            "physical_block_size_bytes": 4096,
            "project": "hematologyapp",
            "provisioned_iops": 0,
            "self_link": "https://www.googleapis.com/compute/v1/projects/hematologyapp/zones/southamerica-east1-a/disks/jenkins-persistent-disk",
            "size": 10,
            "snapshot": "",
            "source_disk": "",
            "source_disk_id": "",
            "source_image_encryption_key": [],
            "source_image_id": "5409240093844862603",
            "source_snapshot_encryption_key": [],
            "source_snapshot_id": "",
            "timeouts": null,
            "type": "pd-ssd",
            "users": [],
            "zone": "southamerica-east1-a"
          },
          "sensitive_attributes": [],
          "private": "eyJlMmJmYjczMC1lY2FhLTExZTYtOGY4OC0zNDM2M2JjN2M0YzAiOnsiY3JlYXRlIjoxMjAwMDAwMDAwMDAwLCJkZWxldGUiOjEyMDAwMDAwMDAwMDAsInVwZGF0ZSI6MTIwMDAwMDAwMDAwMH19"
        }
      ]
    },
    {
      "mode": "managed",
      "type": "google_compute_firewall",
      "name": "custom-firewall",
      "provider": "provider[\"registry.terraform.io/hashicorp/google\"]",
      "instances": [
        {
          "schema_version": 1,
          "attributes": {
            "allow": [
              {
                "ports": [
                  "22"
                ],
                "protocol": "tcp"
              },
              {
                "ports": [
                  "80",
                  "443"
                ],
                "protocol": "tcp"
              },
              {
                "ports": [],
                "protocol": "icmp"
              }
            ],
            "creation_timestamp": "2023-08-08T14:05:28.881-07:00",
            "deny": [],
            "description": "",
            "destination_ranges": [],
            "direction": "INGRESS",
            "disabled": false,
            "enable_logging": null,
            "id": "projects/hematologyapp/global/firewalls/custom-firewall",
            "log_config": [],
            "name": "custom-firewall",
            "network": "https://www.googleapis.com/compute/v1/projects/hematologyapp/global/networks/default",
            "priority": 1000,
            "project": "hematologyapp",
            "self_link": "https://www.googleapis.com/compute/v1/projects/hematologyapp/global/firewalls/custom-firewall",
            "source_ranges": [
              "0.0.0.0/0"
            ],
            "source_service_accounts": null,
            "source_tags": null,
            "target_service_accounts": null,
            "target_tags": null,
            "timeouts": null
          },
          "sensitive_attributes": [],
          "private": "eyJlMmJmYjczMC1lY2FhLTExZTYtOGY4OC0zNDM2M2JjN2M0YzAiOnsiY3JlYXRlIjoxMjAwMDAwMDAwMDAwLCJkZWxldGUiOjEyMDAwMDAwMDAwMDAsInVwZGF0ZSI6MTIwMDAwMDAwMDAwMH0sInNjaGVtYV92ZXJzaW9uIjoiMSJ9"
        }
      ]
    },
    {
      "mode": "managed",
      "type": "google_compute_instance",
      "name": "kubernetes-control-plane",
      "provider": "provider[\"registry.terraform.io/hashicorp/google\"]",
      "instances": [
        {
          "schema_version": 6,
          "attributes": {
            "advanced_machine_features": [],
            "allow_stopping_for_update": null,
            "attached_disk": [],
            "boot_disk": [
              {
                "auto_delete": true,
                "device_name": "persistent-disk-0",
                "disk_encryption_key_raw": "",
                "disk_encryption_key_sha256": "",
                "initialize_params": [
                  {
                    "image": "https://www.googleapis.com/compute/v1/projects/ubuntu-os-cloud/global/images/ubuntu-minimal-2204-jammy-v20230726",
                    "labels": {},
                    "resource_manager_tags": null,
                    "size": 10,
                    "type": "pd-standard"
                  }
                ],
                "kms_key_self_link": "",
                "mode": "READ_WRITE",
                "source": "https://www.googleapis.com/compute/v1/projects/hematologyapp/zones/southamerica-east1-a/disks/kubernetes-control-plane"
              }
            ],
            "can_ip_forward": false,
            "confidential_instance_config": [],
            "cpu_platform": "Intel Broadwell",
            "current_status": "RUNNING",
            "deletion_protection": false,
            "description": "",
            "desired_status": null,
            "enable_display": false,
            "guest_accelerator": [],
            "hostname": "",
            "id": "projects/hematologyapp/zones/southamerica-east1-a/instances/kubernetes-control-plane",
            "instance_id": "6355004919061090501",
            "label_fingerprint": "42WmSpB8rSM=",
            "labels": null,
            "machine_type": "custom-2-2048",
            "metadata": {
              "ssh-keys": "      devops:ssh-rsa AAAAB3NzaC1yc2EAAAADAQABAAACAQDUK+d2J3WGMWAVNod0FIZOgBabeHfa1xmSCPUSpz+2b8pubDnqhhv4PBZf2H70I+ipTeKMaRfD5W7YTYxR2sbqdd8Lqh56GxZ9j5xfOEJx922iIcT4CTkfXbE+X4ZN31TSOdxj4ivr9kAtxaoCOtqOG8+894cVa7Rn7tiQfOF7HQlmDb5s6UgzIQXS5YbO73yEotZUtVlp33d3hH6vSI40q1ALWXFfKlpFLqNQIN0+owPCQpzBYIFVkYbk7fLbpP2mYbmSzaYVKtamsAIv8q78qOFNYCrNvRCK94Xsx3cnjwv2t65QmF2yClYOrWTVkVMhVEjwCgGCCQzs3PUhIjjPalo4ZBPiJfGd6h9p9jBVgg4shG2XAOVM7VV96YeNigtWc4SRe8r+i+gIsa/9beMiwGo4mmorVx7esPRYsUuiEJ564UU1F4fQKjWUCDGiyw55SvXk2id62TFL8CBbvZNJeO3LF3uNFOhSFoUxQyZgw/7hejWpb10S+TJEnB+pUJ+W259l/08k74d3QnFqHuLnYAQhjdSz/b1gyq3lBgLjC06kaAH7SLO+Y6+L/68w1j/4gZGfLc8HA1Y9/wmBsskgWuGBpaCXDDGAPkaqA46u6ULrtrQkDW20PiZGWXvr13f6pd42q2Q3sYdiW34igIhQfw24esqXisln6EDnxss0cQ== devops\n\n"
            },
            "metadata_fingerprint": "K4aqplGcIIs=",
            "metadata_startup_script": null,
            "min_cpu_platform": "",
            "name": "kubernetes-control-plane",
            "network_interface": [
              {
                "access_config": [
                  {
                    "nat_ip": "34.95.159.6",
                    "network_tier": "PREMIUM",
                    "public_ptr_domain_name": ""
                  }
                ],
                "alias_ip_range": [],
                "ipv6_access_config": [],
                "ipv6_access_type": "",
                "name": "nic0",
                "network": "https://www.googleapis.com/compute/v1/projects/hematologyapp/global/networks/default",
                "network_ip": "10.158.0.56",
                "nic_type": "",
                "queue_count": 0,
                "stack_type": "IPV4_ONLY",
                "subnetwork": "https://www.googleapis.com/compute/v1/projects/hematologyapp/regions/southamerica-east1/subnetworks/default",
                "subnetwork_project": "hematologyapp"
              }
            ],
            "network_performance_config": [],
            "params": [],
            "project": "hematologyapp",
            "reservation_affinity": [],
            "resource_policies": null,
            "scheduling": [
              {
                "automatic_restart": true,
                "instance_termination_action": "",
                "min_node_cpus": 0,
                "node_affinities": [],
                "on_host_maintenance": "MIGRATE",
                "preemptible": false,
                "provisioning_model": "STANDARD"
              }
            ],
            "scratch_disk": [],
            "self_link": "https://www.googleapis.com/compute/v1/projects/hematologyapp/zones/southamerica-east1-a/instances/kubernetes-control-plane",
            "service_account": [
              {
                "email": "hematologyapp@hematologyapp.iam.gserviceaccount.com",
                "scopes": [
                  "https://www.googleapis.com/auth/cloud-platform"
                ]
              }
            ],
            "shielded_instance_config": [
              {
                "enable_integrity_monitoring": true,
                "enable_secure_boot": false,
                "enable_vtpm": true
              }
            ],
            "tags": [
              "http-server",
              "https-server"
            ],
            "tags_fingerprint": "6smc4R4d39I=",
            "timeouts": null,
            "zone": "southamerica-east1-a"
          },
          "sensitive_attributes": [],
          "private": "eyJlMmJmYjczMC1lY2FhLTExZTYtOGY4OC0zNDM2M2JjN2M0YzAiOnsiY3JlYXRlIjoxMjAwMDAwMDAwMDAwLCJkZWxldGUiOjEyMDAwMDAwMDAwMDAsInVwZGF0ZSI6MTIwMDAwMDAwMDAwMH0sInNjaGVtYV92ZXJzaW9uIjoiNiJ9",
          "dependencies": [
            "google_compute_address.k8s-control-plane-ip-address",
            "google_compute_project_metadata.default",
            "google_service_account.default"
          ]
        }
      ]
    },
    {
      "mode": "managed",
      "type": "google_compute_instance",
      "name": "kubernetes-node-01",
      "provider": "provider[\"registry.terraform.io/hashicorp/google\"]",
      "instances": [
        {
          "schema_version": 6,
          "attributes": {
            "advanced_machine_features": [],
            "allow_stopping_for_update": null,
            "attached_disk": [],
            "boot_disk": [
              {
                "auto_delete": true,
                "device_name": "persistent-disk-0",
                "disk_encryption_key_raw": "",
                "disk_encryption_key_sha256": "",
                "initialize_params": [
                  {
                    "image": "https://www.googleapis.com/compute/v1/projects/ubuntu-os-cloud/global/images/ubuntu-minimal-2204-jammy-v20230726",
                    "labels": {},
                    "resource_manager_tags": null,
                    "size": 10,
                    "type": "pd-standard"
                  }
                ],
                "kms_key_self_link": "",
                "mode": "READ_WRITE",
                "source": "https://www.googleapis.com/compute/v1/projects/hematologyapp/zones/southamerica-east1-a/disks/kubernetes-node-01"
              }
            ],
            "can_ip_forward": false,
            "confidential_instance_config": [],
            "cpu_platform": "Intel Broadwell",
            "current_status": "RUNNING",
            "deletion_protection": false,
            "description": "",
            "desired_status": null,
            "enable_display": false,
            "guest_accelerator": [],
            "hostname": "",
            "id": "projects/hematologyapp/zones/southamerica-east1-a/instances/kubernetes-node-01",
            "instance_id": "1011511646545187011",
            "label_fingerprint": "42WmSpB8rSM=",
            "labels": null,
            "machine_type": "e2-micro",
            "metadata": {
              "ssh-keys": "      devops:ssh-rsa AAAAB3NzaC1yc2EAAAADAQABAAACAQDUK+d2J3WGMWAVNod0FIZOgBabeHfa1xmSCPUSpz+2b8pubDnqhhv4PBZf2H70I+ipTeKMaRfD5W7YTYxR2sbqdd8Lqh56GxZ9j5xfOEJx922iIcT4CTkfXbE+X4ZN31TSOdxj4ivr9kAtxaoCOtqOG8+894cVa7Rn7tiQfOF7HQlmDb5s6UgzIQXS5YbO73yEotZUtVlp33d3hH6vSI40q1ALWXFfKlpFLqNQIN0+owPCQpzBYIFVkYbk7fLbpP2mYbmSzaYVKtamsAIv8q78qOFNYCrNvRCK94Xsx3cnjwv2t65QmF2yClYOrWTVkVMhVEjwCgGCCQzs3PUhIjjPalo4ZBPiJfGd6h9p9jBVgg4shG2XAOVM7VV96YeNigtWc4SRe8r+i+gIsa/9beMiwGo4mmorVx7esPRYsUuiEJ564UU1F4fQKjWUCDGiyw55SvXk2id62TFL8CBbvZNJeO3LF3uNFOhSFoUxQyZgw/7hejWpb10S+TJEnB+pUJ+W259l/08k74d3QnFqHuLnYAQhjdSz/b1gyq3lBgLjC06kaAH7SLO+Y6+L/68w1j/4gZGfLc8HA1Y9/wmBsskgWuGBpaCXDDGAPkaqA46u6ULrtrQkDW20PiZGWXvr13f6pd42q2Q3sYdiW34igIhQfw24esqXisln6EDnxss0cQ== devops\n\n"
            },
            "metadata_fingerprint": "K4aqplGcIIs=",
            "metadata_startup_script": null,
            "min_cpu_platform": "",
            "name": "kubernetes-node-01",
            "network_interface": [
              {
                "access_config": [
                  {
                    "nat_ip": "35.199.80.101",
                    "network_tier": "PREMIUM",
                    "public_ptr_domain_name": ""
                  }
                ],
                "alias_ip_range": [],
                "ipv6_access_config": [],
                "ipv6_access_type": "",
                "name": "nic0",
                "network": "https://www.googleapis.com/compute/v1/projects/hematologyapp/global/networks/default",
                "network_ip": "10.158.0.57",
                "nic_type": "",
                "queue_count": 0,
                "stack_type": "IPV4_ONLY",
                "subnetwork": "https://www.googleapis.com/compute/v1/projects/hematologyapp/regions/southamerica-east1/subnetworks/default",
                "subnetwork_project": "hematologyapp"
              }
            ],
            "network_performance_config": [],
            "params": [],
            "project": "hematologyapp",
            "reservation_affinity": [],
            "resource_policies": null,
            "scheduling": [
              {
                "automatic_restart": true,
                "instance_termination_action": "",
                "min_node_cpus": 0,
                "node_affinities": [],
                "on_host_maintenance": "MIGRATE",
                "preemptible": false,
                "provisioning_model": "STANDARD"
              }
            ],
            "scratch_disk": [],
            "self_link": "https://www.googleapis.com/compute/v1/projects/hematologyapp/zones/southamerica-east1-a/instances/kubernetes-node-01",
            "service_account": [
              {
                "email": "hematologyapp@hematologyapp.iam.gserviceaccount.com",
                "scopes": [
                  "https://www.googleapis.com/auth/cloud-platform"
                ]
              }
            ],
            "shielded_instance_config": [
              {
                "enable_integrity_monitoring": true,
                "enable_secure_boot": false,
                "enable_vtpm": true
              }
            ],
            "tags": [
              "http-server",
              "https-server"
            ],
            "tags_fingerprint": "6smc4R4d39I=",
            "timeouts": null,
            "zone": "southamerica-east1-a"
          },
          "sensitive_attributes": [],
          "private": "eyJlMmJmYjczMC1lY2FhLTExZTYtOGY4OC0zNDM2M2JjN2M0YzAiOnsiY3JlYXRlIjoxMjAwMDAwMDAwMDAwLCJkZWxldGUiOjEyMDAwMDAwMDAwMDAsInVwZGF0ZSI6MTIwMDAwMDAwMDAwMH0sInNjaGVtYV92ZXJzaW9uIjoiNiJ9",
          "dependencies": [
            "google_compute_address.k8s-node-01-ip-address",
            "google_compute_project_metadata.default",
            "google_service_account.default"
          ]
        }
      ]
    },
    {
      "mode": "managed",
      "type": "google_compute_instance_template",
      "name": "jenkins-instance-template",
      "provider": "provider[\"registry.terraform.io/hashicorp/google\"]",
      "instances": [
        {
          "schema_version": 1,
          "attributes": {
            "advanced_machine_features": [],
            "can_ip_forward": false,
            "confidential_instance_config": null,
            "description": "This templates is used to create Jenkins Cluster instances in GCP.",
            "disk": [
              {
                "auto_delete": true,
                "boot": true,
                "device_name": "persistent-disk-0",
                "disk_encryption_key": [],
                "disk_name": "",
                "disk_size_gb": 0,
                "disk_type": "pd-standard",
                "interface": "SCSI",
                "labels": null,
                "mode": "READ_WRITE",
                "resource_policies": null,
                "source": "",
                "source_image": "projects/ubuntu-os-cloud/global/images/family/ubuntu-minimal-2204-lts",
                "source_image_encryption_key": [],
                "source_snapshot": "",
                "source_snapshot_encryption_key": [],
                "type": "PERSISTENT"
              }
            ],
            "guest_accelerator": [],
            "id": "projects/hematologyapp/global/instanceTemplates/jenkins-instance-template",
            "instance_description": "",
            "labels": {
              "environment": "dev"
            },
            "machine_type": "e2-micro",
            "metadata": {
              "ssh-keys": "      devops:ssh-rsa AAAAB3NzaC1yc2EAAAADAQABAAACAQDUK+d2J3WGMWAVNod0FIZOgBabeHfa1xmSCPUSpz+2b8pubDnqhhv4PBZf2H70I+ipTeKMaRfD5W7YTYxR2sbqdd8Lqh56GxZ9j5xfOEJx922iIcT4CTkfXbE+X4ZN31TSOdxj4ivr9kAtxaoCOtqOG8+894cVa7Rn7tiQfOF7HQlmDb5s6UgzIQXS5YbO73yEotZUtVlp33d3hH6vSI40q1ALWXFfKlpFLqNQIN0+owPCQpzBYIFVkYbk7fLbpP2mYbmSzaYVKtamsAIv8q78qOFNYCrNvRCK94Xsx3cnjwv2t65QmF2yClYOrWTVkVMhVEjwCgGCCQzs3PUhIjjPalo4ZBPiJfGd6h9p9jBVgg4shG2XAOVM7VV96YeNigtWc4SRe8r+i+gIsa/9beMiwGo4mmorVx7esPRYsUuiEJ564UU1F4fQKjWUCDGiyw55SvXk2id62TFL8CBbvZNJeO3LF3uNFOhSFoUxQyZgw/7hejWpb10S+TJEnB+pUJ+W259l/08k74d3QnFqHuLnYAQhjdSz/b1gyq3lBgLjC06kaAH7SLO+Y6+L/68w1j/4gZGfLc8HA1Y9/wmBsskgWuGBpaCXDDGAPkaqA46u6ULrtrQkDW20PiZGWXvr13f6pd42q2Q3sYdiW34igIhQfw24esqXisln6EDnxss0cQ== devops\n\n"
            },
            "metadata_fingerprint": "K4aqplGcIIs=",
            "metadata_startup_script": null,
            "min_cpu_platform": "",
            "name": "jenkins-instance-template",
            "name_prefix": null,
            "network_interface": [
              {
                "access_config": [
                  {
                    "nat_ip": "",
                    "network_tier": "PREMIUM",
                    "public_ptr_domain_name": ""
                  }
                ],
                "alias_ip_range": [],
                "ipv6_access_config": [],
                "ipv6_access_type": "",
                "name": "nic0",
                "network": "https://www.googleapis.com/compute/v1/projects/hematologyapp/global/networks/default",
                "network_ip": "",
                "nic_type": "",
                "queue_count": 0,
                "stack_type": "",
                "subnetwork": "",
                "subnetwork_project": ""
              }
            ],
            "network_performance_config": [],
            "project": "hematologyapp",
            "region": null,
            "reservation_affinity": [],
            "resource_policies": null,
            "scheduling": [
              {
                "automatic_restart": true,
                "instance_termination_action": "",
                "min_node_cpus": 0,
                "node_affinities": [],
                "on_host_maintenance": "MIGRATE",
                "preemptible": false,
                "provisioning_model": "STANDARD"
              }
            ],
            "self_link": "https://www.googleapis.com/compute/v1/projects/hematologyapp/global/instanceTemplates/jenkins-instance-template",
            "self_link_unique": "https://www.googleapis.com/compute/v1/projects/hematologyapp/global/instanceTemplates/jenkins-instance-template?uniqueId=347705742070845639",
            "service_account": [
              {
                "email": "hematologyapp@hematologyapp.iam.gserviceaccount.com",
                "scopes": [
                  "https://www.googleapis.com/auth/cloud-platform"
                ]
              }
            ],
            "shielded_instance_config": [],
            "tags": [
              "http-server",
              "https-server"
            ],
            "tags_fingerprint": "",
            "timeouts": null
          },
          "sensitive_attributes": [],
          "private": "eyJlMmJmYjczMC1lY2FhLTExZTYtOGY4OC0zNDM2M2JjN2M0YzAiOnsiY3JlYXRlIjoyNDAwMDAwMDAwMDAsImRlbGV0ZSI6MjQwMDAwMDAwMDAwfSwic2NoZW1hX3ZlcnNpb24iOiIxIn0=",
          "dependencies": [
            "google_compute_project_metadata.default",
            "google_service_account.default"
          ]
        }
      ]
    },
    {
      "mode": "managed",
      "type": "google_compute_network",
      "name": "default",
      "provider": "provider[\"registry.terraform.io/hashicorp/google\"]",
      "instances": [
        {
          "schema_version": 0,
          "attributes": {
            "auto_create_subnetworks": true,
            "delete_default_routes_on_create": false,
            "description": "",
            "enable_ula_internal_ipv6": false,
            "gateway_ipv4": "",
            "id": "projects/hematologyapp/global/networks/default-vpc-network",
            "internal_ipv6_range": "",
            "mtu": 0,
            "name": "default-vpc-network",
            "network_firewall_policy_enforcement_order": "AFTER_CLASSIC_FIREWALL",
            "project": "hematologyapp",
            "routing_mode": "REGIONAL",
            "self_link": "https://www.googleapis.com/compute/v1/projects/hematologyapp/global/networks/default-vpc-network",
            "timeouts": null
          },
          "sensitive_attributes": [],
          "private": "eyJlMmJmYjczMC1lY2FhLTExZTYtOGY4OC0zNDM2M2JjN2M0YzAiOnsiY3JlYXRlIjoxMjAwMDAwMDAwMDAwLCJkZWxldGUiOjEyMDAwMDAwMDAwMDAsInVwZGF0ZSI6MTIwMDAwMDAwMDAwMH19"
        }
      ]
    },
    {
      "mode": "managed",
      "type": "google_compute_network",
      "name": "vpc-network",
      "provider": "provider[\"registry.terraform.io/hashicorp/google\"]",
      "instances": [
        {
          "schema_version": 0,
          "attributes": {
            "auto_create_subnetworks": false,
            "delete_default_routes_on_create": false,
            "description": "",
            "enable_ula_internal_ipv6": false,
            "gateway_ipv4": "",
            "id": "projects/hematologyapp/global/networks/custom-vpc-network",
            "internal_ipv6_range": "",
            "mtu": 0,
            "name": "custom-vpc-network",
            "network_firewall_policy_enforcement_order": "AFTER_CLASSIC_FIREWALL",
            "project": "hematologyapp",
            "routing_mode": "GLOBAL",
            "self_link": "https://www.googleapis.com/compute/v1/projects/hematologyapp/global/networks/custom-vpc-network",
            "timeouts": null
          },
          "sensitive_attributes": [],
          "private": "eyJlMmJmYjczMC1lY2FhLTExZTYtOGY4OC0zNDM2M2JjN2M0YzAiOnsiY3JlYXRlIjoxMjAwMDAwMDAwMDAwLCJkZWxldGUiOjEyMDAwMDAwMDAwMDAsInVwZGF0ZSI6MTIwMDAwMDAwMDAwMH19"
        }
      ]
    },
    {
      "mode": "managed",
      "type": "google_compute_project_metadata",
      "name": "default",
      "provider": "provider[\"registry.terraform.io/hashicorp/google\"]",
      "instances": [
        {
          "schema_version": 0,
          "attributes": {
            "id": "hematologyapp",
            "metadata": {
              "ssh-keys": "      devops:ssh-rsa AAAAB3NzaC1yc2EAAAADAQABAAACAQDUK+d2J3WGMWAVNod0FIZOgBabeHfa1xmSCPUSpz+2b8pubDnqhhv4PBZf2H70I+ipTeKMaRfD5W7YTYxR2sbqdd8Lqh56GxZ9j5xfOEJx922iIcT4CTkfXbE+X4ZN31TSOdxj4ivr9kAtxaoCOtqOG8+894cVa7Rn7tiQfOF7HQlmDb5s6UgzIQXS5YbO73yEotZUtVlp33d3hH6vSI40q1ALWXFfKlpFLqNQIN0+owPCQpzBYIFVkYbk7fLbpP2mYbmSzaYVKtamsAIv8q78qOFNYCrNvRCK94Xsx3cnjwv2t65QmF2yClYOrWTVkVMhVEjwCgGCCQzs3PUhIjjPalo4ZBPiJfGd6h9p9jBVgg4shG2XAOVM7VV96YeNigtWc4SRe8r+i+gIsa/9beMiwGo4mmorVx7esPRYsUuiEJ564UU1F4fQKjWUCDGiyw55SvXk2id62TFL8CBbvZNJeO3LF3uNFOhSFoUxQyZgw/7hejWpb10S+TJEnB+pUJ+W259l/08k74d3QnFqHuLnYAQhjdSz/b1gyq3lBgLjC06kaAH7SLO+Y6+L/68w1j/4gZGfLc8HA1Y9/wmBsskgWuGBpaCXDDGAPkaqA46u6ULrtrQkDW20PiZGWXvr13f6pd42q2Q3sYdiW34igIhQfw24esqXisln6EDnxss0cQ== devops\n\n"
            },
            "project": "hematologyapp",
            "timeouts": null
          },
          "sensitive_attributes": [],
          "private": "eyJlMmJmYjczMC1lY2FhLTExZTYtOGY4OC0zNDM2M2JjN2M0YzAiOnsiY3JlYXRlIjoyNDAwMDAwMDAwMDAsImRlbGV0ZSI6MjQwMDAwMDAwMDAwfX0="
        }
      ]
    },
    {
      "mode": "managed",
      "type": "google_compute_resource_policy",
      "name": "daily_backup",
      "provider": "provider[\"registry.terraform.io/hashicorp/google\"]",
      "instances": [
        {
          "schema_version": 0,
          "attributes": {
            "description": "",
            "group_placement_policy": [],
            "id": "projects/hematologyapp/regions/southamerica-east1/resourcePolicies/every-day-4am",
            "instance_schedule_policy": [],
            "name": "every-day-4am",
            "project": "hematologyapp",
            "region": "https://www.googleapis.com/compute/v1/projects/hematologyapp/regions/southamerica-east1",
            "self_link": "https://www.googleapis.com/compute/v1/projects/hematologyapp/regions/southamerica-east1/resourcePolicies/every-day-4am",
            "snapshot_schedule_policy": [
              {
                "retention_policy": [],
                "schedule": [
                  {
                    "daily_schedule": [
                      {
                        "days_in_cycle": 1,
                        "start_time": "04:00"
                      }
                    ],
                    "hourly_schedule": [],
                    "weekly_schedule": []
                  }
                ],
                "snapshot_properties": []
              }
            ],
            "timeouts": null
          },
          "sensitive_attributes": [],
          "private": "eyJlMmJmYjczMC1lY2FhLTExZTYtOGY4OC0zNDM2M2JjN2M0YzAiOnsiY3JlYXRlIjoxMjAwMDAwMDAwMDAwLCJkZWxldGUiOjEyMDAwMDAwMDAwMDB9fQ=="
        }
      ]
    },
    {
      "mode": "managed",
      "type": "google_compute_subnetwork",
      "name": "network_subnet",
      "provider": "provider[\"registry.terraform.io/hashicorp/google\"]",
      "instances": [
        {
          "schema_version": 0,
          "attributes": {
            "creation_timestamp": "2023-08-08T14:05:55.747-07:00",
            "description": "",
            "external_ipv6_prefix": "",
            "fingerprint": null,
            "gateway_address": "10.158.0.1",
            "id": "projects/hematologyapp/regions/southamerica-east1/subnetworks/custom-network-subnet",
            "ip_cidr_range": "10.158.0.0/20",
            "ipv6_access_type": "",
            "ipv6_cidr_range": "",
            "log_config": [],
            "name": "custom-network-subnet",
            "network": "https://www.googleapis.com/compute/v1/projects/hematologyapp/global/networks/custom-vpc-network",
            "private_ip_google_access": true,
            "private_ipv6_google_access": "DISABLE_GOOGLE_ACCESS",
            "project": "hematologyapp",
            "purpose": "PRIVATE",
            "region": "southamerica-east1",
            "role": "",
            "secondary_ip_range": [],
            "self_link": "https://www.googleapis.com/compute/v1/projects/hematologyapp/regions/southamerica-east1/subnetworks/custom-network-subnet",
            "stack_type": "IPV4_ONLY",
            "timeouts": null
          },
          "sensitive_attributes": [],
          "private": "eyJlMmJmYjczMC1lY2FhLTExZTYtOGY4OC0zNDM2M2JjN2M0YzAiOnsiY3JlYXRlIjoxMjAwMDAwMDAwMDAwLCJkZWxldGUiOjEyMDAwMDAwMDAwMDAsInVwZGF0ZSI6MTIwMDAwMDAwMDAwMH19",
          "dependencies": [
            "google_compute_network.vpc-network"
          ]
        }
      ]
    },
    {
      "mode": "managed",
      "type": "google_project_service",
      "name": "enable-cloudresourcemanager-api",
      "provider": "provider[\"registry.terraform.io/hashicorp/google\"]",
      "instances": [
        {
          "schema_version": 0,
          "attributes": {
            "disable_dependent_services": false,
            "disable_on_destroy": false,
            "id": "hematologyapp/cloudresourcemanager.googleapis.com",
            "project": "hematologyapp",
            "service": "cloudresourcemanager.googleapis.com",
            "timeouts": null
          },
          "sensitive_attributes": [],
          "private": "eyJlMmJmYjczMC1lY2FhLTExZTYtOGY4OC0zNDM2M2JjN2M0YzAiOnsiY3JlYXRlIjoxMjAwMDAwMDAwMDAwLCJkZWxldGUiOjEyMDAwMDAwMDAwMDAsInJlYWQiOjYwMDAwMDAwMDAwMCwidXBkYXRlIjoxMjAwMDAwMDAwMDAwfX0="
        }
      ]
    },
    {
      "mode": "managed",
      "type": "google_project_service",
      "name": "enable-container-api",
      "provider": "provider[\"registry.terraform.io/hashicorp/google\"]",
      "instances": [
        {
          "schema_version": 0,
          "attributes": {
            "disable_dependent_services": false,
            "disable_on_destroy": false,
            "id": "hematologyapp/container.googleapis.com",
            "project": "hematologyapp",
            "service": "container.googleapis.com",
            "timeouts": null
          },
          "sensitive_attributes": [],
          "private": "eyJlMmJmYjczMC1lY2FhLTExZTYtOGY4OC0zNDM2M2JjN2M0YzAiOnsiY3JlYXRlIjoxMjAwMDAwMDAwMDAwLCJkZWxldGUiOjEyMDAwMDAwMDAwMDAsInJlYWQiOjYwMDAwMDAwMDAwMCwidXBkYXRlIjoxMjAwMDAwMDAwMDAwfX0="
        }
      ]
    },
    {
      "mode": "managed",
      "type": "google_project_service",
      "name": "enable-iam-api",
      "provider": "provider[\"registry.terraform.io/hashicorp/google\"]",
      "instances": [
        {
          "schema_version": 0,
          "attributes": {
            "disable_dependent_services": false,
            "disable_on_destroy": false,
            "id": "hematologyapp/iam.googleapis.com",
            "project": "hematologyapp",
            "service": "iam.googleapis.com",
            "timeouts": null
          },
          "sensitive_attributes": [],
          "private": "eyJlMmJmYjczMC1lY2FhLTExZTYtOGY4OC0zNDM2M2JjN2M0YzAiOnsiY3JlYXRlIjoxMjAwMDAwMDAwMDAwLCJkZWxldGUiOjEyMDAwMDAwMDAwMDAsInJlYWQiOjYwMDAwMDAwMDAwMCwidXBkYXRlIjoxMjAwMDAwMDAwMDAwfX0="
        }
      ]
    },
    {
      "mode": "managed",
      "type": "google_service_account",
      "name": "default",
      "provider": "provider[\"registry.terraform.io/hashicorp/google\"]",
      "instances": [
        {
          "schema_version": 0,
          "attributes": {
            "account_id": "hematologyapp",
            "description": "Hematology Engine default service account",
            "disabled": false,
            "display_name": "Hematology Service Account",
            "email": "hematologyapp@hematologyapp.iam.gserviceaccount.com",
            "id": "projects/hematologyapp/serviceAccounts/hematologyapp@hematologyapp.iam.gserviceaccount.com",
            "member": "serviceAccount:hematologyapp@hematologyapp.iam.gserviceaccount.com",
            "name": "projects/hematologyapp/serviceAccounts/hematologyapp@hematologyapp.iam.gserviceaccount.com",
            "project": "hematologyapp",
            "timeouts": null,
            "unique_id": "110854872656038592564"
          },
          "sensitive_attributes": [],
          "private": "eyJlMmJmYjczMC1lY2FhLTExZTYtOGY4OC0zNDM2M2JjN2M0YzAiOnsiY3JlYXRlIjozMDAwMDAwMDAwMDB9fQ=="
        }
      ]
    }
  ],
  "check_results": null
}
